
Microsoft Visual Studio Solution File, Format Version 12.00
# Visual Studio Version 16
VisualStudioVersion = 16.0.30225.117
MinimumVisualStudioVersion = 10.0.40219.1
Project("{FAE04EC0-301F-11D3-BF4B-00C04F79EFBC}") = "DSTIntegration", "DSTIntegration\DSTIntegration.csproj", "{0DA24A9A-43FC-495C-93AC-2A0AFD579818}"
EndProject
Project("{FAE04EC0-301F-11D3-BF4B-00C04F79EFBC}") = "DSTIntegrationLib", "DSTIntegrationLib\DSTIntegrationLib.csproj", "{E12FA1C1-485A-4A0D-99AD-1D9C4E6C2DDF}"
EndProject
Global
	GlobalSection(SolutionConfigurationPlatforms) = preSolution
		Debug|Any CPU = Debug|Any CPU
		Release|Any CPU = Release|Any CPU
	EndGlobalSection
	GlobalSection(ProjectConfigurationPlatforms) = postSolution
		{0DA24A9A-43FC-495C-93AC-2A0AFD579818}.Debug|Any CPU.ActiveCfg = Debug|Any CPU
		{0DA24A9A-43FC-495C-93AC-2A0AFD579818}.Debug|Any CPU.Build.0 = Debug|Any CPU
		{0DA24A9A-43FC-495C-93AC-2A0AFD579818}.Release|Any CPU.ActiveCfg = Release|Any CPU
		{0DA24A9A-43FC-495C-93AC-2A0AFD579818}.Release|Any CPU.Build.0 = Release|Any CPU
		{E12FA1C1-485A-4A0D-99AD-1D9C4E6C2DDF}.Debug|Any CPU.ActiveCfg = Debug|Any CPU
		{E12FA1C1-485A-4A0D-99AD-1D9C4E6C2DDF}.Debug|Any CPU.Build.0 = Debug|Any CPU
		{E12FA1C1-485A-4A0D-99AD-1D9C4E6C2DDF}.Release|Any CPU.ActiveCfg = Release|Any CPU
		{E12FA1C1-485A-4A0D-99AD-1D9C4E6C2DDF}.Release|Any CPU.Build.0 = Release|Any CPU
	EndGlobalSection
	GlobalSection(SolutionProperties) = preSolution
		HideSolutionNode = FALSE
	EndGlobalSection
	GlobalSection(ExtensibilityGlobals) = postSolution
		SolutionGuid = {0642C7EA-D83D-4C0C-966F-51421CE26482}
	EndGlobalSection
EndGlobal
